
Microsoft Visual Studio Solution File, Format Version 12.00
Project("{FAE04EC0-301F-11D3-BF4B-00C04F79EFBC}") = "DynamoDBGenerator.SourceGenerator", "src\DynamoDBGenerator.SourceGenerator\DynamoDBGenerator.SourceGenerator.csproj", "{648B1DF4-9684-4422-95F5-74BB89862E4D}"
EndProject
Project("{FAE04EC0-301F-11D3-BF4B-00C04F79EFBC}") = "ConsoleApp", "samples\ConsoleApp\ConsoleApp.csproj", "{834A7F6C-3C82-427F-9BFB-9686672A5BDE}"
EndProject
Project("{FAE04EC0-301F-11D3-BF4B-00C04F79EFBC}") = "DynamoDBGenerator", "src\DynamoDBGenerator\DynamoDBGenerator.csproj", "{53F899A8-28AA-450F-9C62-FD478119B2B7}"
EndProject
Project("{FAE04EC0-301F-11D3-BF4B-00C04F79EFBC}") = "DynamoDBGenerator.SourceGenerator.Tests", "tests\DynamoDBGenerator.SourceGenerator.Tests\DynamoDBGenerator.SourceGenerator.Tests.csproj", "{D8EABA41-D014-49BD-B109-54829DB835E7}"
EndProject
Project("{FAE04EC0-301F-11D3-BF4B-00C04F79EFBC}") = "DynamoDB.SourceGenerator.Benchmarks", "tests\DynamoDB.SourceGenerator.Benchmarks\DynamoDB.SourceGenerator.Benchmarks.csproj", "{A80AC940-3BD8-4377-BDB9-AE82FD4DF944}"
EndProject
Project("{2150E333-8FDC-42A3-9474-1A3956D46DE8}") = "tests", "tests", "{E84C4630-5241-4FAA-8F86-964AB25A2C6F}"
EndProject
Project("{2150E333-8FDC-42A3-9474-1A3956D46DE8}") = "samples", "samples", "{CF34190F-AC01-42FC-B28A-DD820442243A}"
EndProject
Project("{2150E333-8FDC-42A3-9474-1A3956D46DE8}") = "src", "src", "{11F1D954-39EC-4EDD-9460-04FCC216E97A}"
EndProject
Global
	GlobalSection(SolutionConfigurationPlatforms) = preSolution
		Debug|Any CPU = Debug|Any CPU
		Release|Any CPU = Release|Any CPU
	EndGlobalSection
	GlobalSection(ProjectConfigurationPlatforms) = postSolution
		{648B1DF4-9684-4422-95F5-74BB89862E4D}.Debug|Any CPU.ActiveCfg = Debug|Any CPU
		{648B1DF4-9684-4422-95F5-74BB89862E4D}.Debug|Any CPU.Build.0 = Debug|Any CPU
		{648B1DF4-9684-4422-95F5-74BB89862E4D}.Release|Any CPU.ActiveCfg = Release|Any CPU
		{648B1DF4-9684-4422-95F5-74BB89862E4D}.Release|Any CPU.Build.0 = Release|Any CPU
		{834A7F6C-3C82-427F-9BFB-9686672A5BDE}.Debug|Any CPU.ActiveCfg = Debug|Any CPU
		{834A7F6C-3C82-427F-9BFB-9686672A5BDE}.Debug|Any CPU.Build.0 = Debug|Any CPU
		{834A7F6C-3C82-427F-9BFB-9686672A5BDE}.Release|Any CPU.ActiveCfg = Release|Any CPU
		{834A7F6C-3C82-427F-9BFB-9686672A5BDE}.Release|Any CPU.Build.0 = Release|Any CPU
		{53F899A8-28AA-450F-9C62-FD478119B2B7}.Debug|Any CPU.ActiveCfg = Debug|Any CPU
		{53F899A8-28AA-450F-9C62-FD478119B2B7}.Debug|Any CPU.Build.0 = Debug|Any CPU
		{53F899A8-28AA-450F-9C62-FD478119B2B7}.Release|Any CPU.ActiveCfg = Release|Any CPU
		{53F899A8-28AA-450F-9C62-FD478119B2B7}.Release|Any CPU.Build.0 = Release|Any CPU
		{D8EABA41-D014-49BD-B109-54829DB835E7}.Debug|Any CPU.ActiveCfg = Debug|Any CPU
		{D8EABA41-D014-49BD-B109-54829DB835E7}.Debug|Any CPU.Build.0 = Debug|Any CPU
		{D8EABA41-D014-49BD-B109-54829DB835E7}.Release|Any CPU.ActiveCfg = Release|Any CPU
		{D8EABA41-D014-49BD-B109-54829DB835E7}.Release|Any CPU.Build.0 = Release|Any CPU
		{A80AC940-3BD8-4377-BDB9-AE82FD4DF944}.Debug|Any CPU.ActiveCfg = Debug|Any CPU
		{A80AC940-3BD8-4377-BDB9-AE82FD4DF944}.Debug|Any CPU.Build.0 = Debug|Any CPU
		{A80AC940-3BD8-4377-BDB9-AE82FD4DF944}.Release|Any CPU.ActiveCfg = Release|Any CPU
		{A80AC940-3BD8-4377-BDB9-AE82FD4DF944}.Release|Any CPU.Build.0 = Release|Any CPU
	EndGlobalSection
	GlobalSection(NestedProjects) = preSolution
		{D8EABA41-D014-49BD-B109-54829DB835E7} = {E84C4630-5241-4FAA-8F86-964AB25A2C6F}
		{A80AC940-3BD8-4377-BDB9-AE82FD4DF944} = {E84C4630-5241-4FAA-8F86-964AB25A2C6F}
		{834A7F6C-3C82-427F-9BFB-9686672A5BDE} = {CF34190F-AC01-42FC-B28A-DD820442243A}
		{53F899A8-28AA-450F-9C62-FD478119B2B7} = {11F1D954-39EC-4EDD-9460-04FCC216E97A}
		{648B1DF4-9684-4422-95F5-74BB89862E4D} = {11F1D954-39EC-4EDD-9460-04FCC216E97A}
	EndGlobalSection
EndGlobal
